schema: '2.0'
stages:
  ingest:
    cmd: python -m researchmind.ingestion.pipeline
    deps:
    - path: src/researchmind/ingestion/
      hash: md5
      md5: b4afd1384766498f88b2d95cd3c93564.dir
      size: 42800
      nfiles: 13
    outs:
    - path: data/processed/papers.jsonl
      hash: md5
      md5: 710f808c2965fb862f8074d06f363b72
      size: 14198168
  build_indexes:
    cmd: python -m scripts.build_indexes
    deps:
    - path: data/processed/papers.jsonl
      hash: md5
      md5: 710f808c2965fb862f8074d06f363b72
      size: 14198168
    - path: scripts/build_indexes.py
      hash: md5
      md5: dcd6e33c1e651ee7892257639c3df05d
      size: 3539
    - path: src/researchmind/embedding/
      hash: md5
      md5: 459a8861fcd16040f83ee585afdd0453.dir
      size: 11692
      nfiles: 4
    - path: src/researchmind/retrieval/
      hash: md5
      md5: b27e39da1d9a48f252c230da57b83373.dir
      size: 16385
      nfiles: 8
    outs:
    - path: artifacts/indexes
      hash: md5
      md5: 452e5ea92240b17121c9b212265007b0.dir
      size: 87938810
      nfiles: 12
