schema: '2.0'
stages:
  ingest:
    cmd: python -m researchmind.ingestion.pipeline
    deps:
    - path: src/researchmind/ingestion/
      hash: md5
      md5: 0913af4e9330662049a1d793b9da2329.dir
      size: 9647
      nfiles: 9
    outs:
    - path: data/processed/papers.jsonl
      hash: md5
      md5: f70949ca39e3de0e79c4f9cbb94c46e5
      size: 9205259
  build_indexes:
    cmd: python -m scripts.build_indexes
    deps:
    - path: data/processed/papers.jsonl
      hash: md5
      md5: f70949ca39e3de0e79c4f9cbb94c46e5
      size: 9205259
    - path: scripts/build_indexes.py
      hash: md5
      md5: 4837f33f264ea375a88d9a2a68a32184
      size: 3624
    - path: src/researchmind/embedding/
      hash: md5
      md5: 525a43956c9d36da055bd831ccae3ff8.dir
      size: 5501
      nfiles: 4
    - path: src/researchmind/retrieval/
      hash: md5
      md5: b27e39da1d9a48f252c230da57b83373.dir
      size: 16385
      nfiles: 8
    outs:
    - path: artifacts/indexes
      hash: md5
      md5: b8bada971ca5d8b69b35dc1bb95838ff.dir
      size: 14470455
      nfiles: 8
