schema: '2.0'
stages:
  ingest:
    cmd: python -m researchmind.ingestion.pipeline
    deps:
    - path: src/researchmind/ingestion/
      hash: md5
      md5: 3b23a768b06c31e69a6075bc95a8131b.dir
      size: 76500
      nfiles: 15
    outs:
    - path: data/processed/papers.jsonl
      hash: md5
      md5: 710f808c2965fb862f8074d06f363b72
      size: 14198168
  build_indexes:
    cmd: python -m scripts.build_indexes
    deps:
    - path: data/processed/papers.jsonl
      hash: md5
      md5: 710f808c2965fb862f8074d06f363b72
      size: 14198168
    - path: scripts/build_indexes.py
      hash: md5
      md5: 6fa3362fb0cb7aa4c70a172a684f82ef
      size: 5207
    - path: src/researchmind/embedding/
      hash: md5
      md5: bf115ddaf2bbc6204fcb54e55dcebf66.dir
      size: 11739
      nfiles: 4
    - path: src/researchmind/retrieval/
      hash: md5
      md5: c1f2ddfabcd7ecccb23a5a62202ca168.dir
      size: 64896
      nfiles: 18
    outs:
    - path: artifacts/indexes
      hash: md5
      md5: 4b81797412f0035eecb915909107da08.dir
      size: 1003642738
      nfiles: 36
